
Microsoft Visual Studio Solution File, Format Version 12.00
# Visual Studio 14
VisualStudioVersion = 14.0.24720.0
MinimumVisualStudioVersion = 10.0.40219.1
Project("{8BC9CEB8-8B4A-11D0-8D11-00A0C91BC942}") = "practical1", "practical1\practical1.vcxproj", "{A95CE08D-FE0B-4063-818F-C5FD58392185}"
EndProject
Project("{8BC9CEB8-8B4A-11D0-8D11-00A0C91BC942}") = "practical2", "practical2\practical2.vcxproj", "{A4F8F706-1D83-4B78-BC5C-D846F15EE19A}"
EndProject
Project("{8BC9CEB8-8B4A-11D0-8D11-00A0C91BC942}") = "practical3", "practical3\practical3.vcxproj", "{D711343A-D838-429C-86CB-1FF803F6D934}"
EndProject
Project("{8BC9CEB8-8B4A-11D0-8D11-00A0C91BC942}") = "practical4", "practical4\practical4.vcxproj", "{200B7EFF-93EE-4FB7-BB40-B8C29E9D1ADC}"
EndProject
Project("{8BC9CEB8-8B4A-11D0-8D11-00A0C91BC942}") = "practical5", "practical5\practical5.vcxproj", "{ADD22E21-62B7-49E9-B472-06CE432EE3CC}"
EndProject
Project("{8BC9CEB8-8B4A-11D0-8D11-00A0C91BC942}") = "practical6", "practical6\practical6.vcxproj", "{F0343171-295D-4E18-B98B-A543C5B0BFF6}"
EndProject
Project("{2150E333-8FDC-42A3-9474-1A3956D46DE8}") = "meshses", "meshses", "{2E7C636D-EC46-46FC-945F-0C4B0A2389BC}"
	ProjectSection(SolutionItems) = preProject
		meshes\suzanne.obj = meshes\suzanne.obj
	EndProjectSection
EndProject
Project("{2150E333-8FDC-42A3-9474-1A3956D46DE8}") = "shaders", "shaders", "{0A259557-1C8F-429C-93C7-94ECB1383E4C}"
	ProjectSection(SolutionItems) = preProject
		shaders\defaultFragment.glsl = shaders\defaultFragment.glsl
		shaders\defaultVertex.glsl = shaders\defaultVertex.glsl
		shaders\flatFragment.glsl = shaders\flatFragment.glsl
		shaders\flatVertex.glsl = shaders\flatVertex.glsl
		shaders\phongFragment.glsl = shaders\phongFragment.glsl
		shaders\phongVertex.glsl = shaders\phongVertex.glsl
		shaders\text_fragment.glsl = shaders\text_fragment.glsl
		shaders\text_vertex.glsl = shaders\text_vertex.glsl
	EndProjectSection
EndProject
Project("{2150E333-8FDC-42A3-9474-1A3956D46DE8}") = "fonts", "fonts", "{666C0F82-076E-4D16-B156-B957D21D6837}"
	ProjectSection(SolutionItems) = preProject
		fonts\Anonymous_Pro.ttf = fonts\Anonymous_Pro.ttf
		fonts\arial.ttf = fonts\arial.ttf
	EndProjectSection
EndProject
Global
	GlobalSection(SolutionConfigurationPlatforms) = preSolution
		Debug|x64 = Debug|x64
		Debug|x86 = Debug|x86
		Release|x64 = Release|x64
		Release|x86 = Release|x86
	EndGlobalSection
	GlobalSection(ProjectConfigurationPlatforms) = postSolution
		{A95CE08D-FE0B-4063-818F-C5FD58392185}.Debug|x64.ActiveCfg = Debug|x64
		{A95CE08D-FE0B-4063-818F-C5FD58392185}.Debug|x64.Build.0 = Debug|x64
		{A95CE08D-FE0B-4063-818F-C5FD58392185}.Debug|x86.ActiveCfg = Debug|Win32
		{A95CE08D-FE0B-4063-818F-C5FD58392185}.Debug|x86.Build.0 = Debug|Win32
		{A95CE08D-FE0B-4063-818F-C5FD58392185}.Release|x64.ActiveCfg = Release|x64
		{A95CE08D-FE0B-4063-818F-C5FD58392185}.Release|x64.Build.0 = Release|x64
		{A95CE08D-FE0B-4063-818F-C5FD58392185}.Release|x86.ActiveCfg = Release|Win32
		{A95CE08D-FE0B-4063-818F-C5FD58392185}.Release|x86.Build.0 = Release|Win32
		{A4F8F706-1D83-4B78-BC5C-D846F15EE19A}.Debug|x64.ActiveCfg = Debug|x64
		{A4F8F706-1D83-4B78-BC5C-D846F15EE19A}.Debug|x64.Build.0 = Debug|x64
		{A4F8F706-1D83-4B78-BC5C-D846F15EE19A}.Debug|x86.ActiveCfg = Debug|Win32
		{A4F8F706-1D83-4B78-BC5C-D846F15EE19A}.Debug|x86.Build.0 = Debug|Win32
		{A4F8F706-1D83-4B78-BC5C-D846F15EE19A}.Release|x64.ActiveCfg = Release|x64
		{A4F8F706-1D83-4B78-BC5C-D846F15EE19A}.Release|x64.Build.0 = Release|x64
		{A4F8F706-1D83-4B78-BC5C-D846F15EE19A}.Release|x86.ActiveCfg = Release|Win32
		{A4F8F706-1D83-4B78-BC5C-D846F15EE19A}.Release|x86.Build.0 = Release|Win32
		{D711343A-D838-429C-86CB-1FF803F6D934}.Debug|x64.ActiveCfg = Debug|x64
		{D711343A-D838-429C-86CB-1FF803F6D934}.Debug|x64.Build.0 = Debug|x64
		{D711343A-D838-429C-86CB-1FF803F6D934}.Debug|x86.ActiveCfg = Debug|Win32
		{D711343A-D838-429C-86CB-1FF803F6D934}.Debug|x86.Build.0 = Debug|Win32
		{D711343A-D838-429C-86CB-1FF803F6D934}.Release|x64.ActiveCfg = Release|x64
		{D711343A-D838-429C-86CB-1FF803F6D934}.Release|x64.Build.0 = Release|x64
		{D711343A-D838-429C-86CB-1FF803F6D934}.Release|x86.ActiveCfg = Release|Win32
		{D711343A-D838-429C-86CB-1FF803F6D934}.Release|x86.Build.0 = Release|Win32
		{200B7EFF-93EE-4FB7-BB40-B8C29E9D1ADC}.Debug|x64.ActiveCfg = Debug|x64
		{200B7EFF-93EE-4FB7-BB40-B8C29E9D1ADC}.Debug|x64.Build.0 = Debug|x64
		{200B7EFF-93EE-4FB7-BB40-B8C29E9D1ADC}.Debug|x86.ActiveCfg = Debug|Win32
		{200B7EFF-93EE-4FB7-BB40-B8C29E9D1ADC}.Debug|x86.Build.0 = Debug|Win32
		{200B7EFF-93EE-4FB7-BB40-B8C29E9D1ADC}.Release|x64.ActiveCfg = Release|x64
		{200B7EFF-93EE-4FB7-BB40-B8C29E9D1ADC}.Release|x64.Build.0 = Release|x64
		{200B7EFF-93EE-4FB7-BB40-B8C29E9D1ADC}.Release|x86.ActiveCfg = Release|Win32
		{200B7EFF-93EE-4FB7-BB40-B8C29E9D1ADC}.Release|x86.Build.0 = Release|Win32
		{ADD22E21-62B7-49E9-B472-06CE432EE3CC}.Debug|x64.ActiveCfg = Debug|x64
		{ADD22E21-62B7-49E9-B472-06CE432EE3CC}.Debug|x64.Build.0 = Debug|x64
		{ADD22E21-62B7-49E9-B472-06CE432EE3CC}.Debug|x86.ActiveCfg = Debug|Win32
		{ADD22E21-62B7-49E9-B472-06CE432EE3CC}.Debug|x86.Build.0 = Debug|Win32
		{ADD22E21-62B7-49E9-B472-06CE432EE3CC}.Release|x64.ActiveCfg = Release|x64
		{ADD22E21-62B7-49E9-B472-06CE432EE3CC}.Release|x64.Build.0 = Release|x64
		{ADD22E21-62B7-49E9-B472-06CE432EE3CC}.Release|x86.ActiveCfg = Release|Win32
		{ADD22E21-62B7-49E9-B472-06CE432EE3CC}.Release|x86.Build.0 = Release|Win32
		{F0343171-295D-4E18-B98B-A543C5B0BFF6}.Debug|x64.ActiveCfg = Debug|x64
		{F0343171-295D-4E18-B98B-A543C5B0BFF6}.Debug|x64.Build.0 = Debug|x64
		{F0343171-295D-4E18-B98B-A543C5B0BFF6}.Debug|x86.ActiveCfg = Debug|Win32
		{F0343171-295D-4E18-B98B-A543C5B0BFF6}.Debug|x86.Build.0 = Debug|Win32
		{F0343171-295D-4E18-B98B-A543C5B0BFF6}.Release|x64.ActiveCfg = Release|x64
		{F0343171-295D-4E18-B98B-A543C5B0BFF6}.Release|x64.Build.0 = Release|x64
		{F0343171-295D-4E18-B98B-A543C5B0BFF6}.Release|x86.ActiveCfg = Release|Win32
		{F0343171-295D-4E18-B98B-A543C5B0BFF6}.Release|x86.Build.0 = Release|Win32
	EndGlobalSection
	GlobalSection(SolutionProperties) = preSolution
		HideSolutionNode = FALSE
	EndGlobalSection
EndGlobal
