<?xml version="1.0" encoding="utf-8"?>
<Project ToolsVersion="4.0" xmlns="http://schemas.microsoft.com/developer/msbuild/2003">
  <ItemGroup>
    <Filter Include="Source Files">
      <UniqueIdentifier>{4FC737F1-C7A5-4376-A066-2A32D752A2FF}</UniqueIdentifier>
      <Extensions>cpp;c;cc;cxx;def;odl;idl;hpj;bat;asm;asmx</Extensions>
    </Filter>
    <Filter Include="Header Files">
      <UniqueIdentifier>{93995380-89BD-4b04-88EB-625FBE52EBFB}</UniqueIdentifier>
      <Extensions>h;hh;hpp;hxx;hm;inl;inc;xsd</Extensions>
    </Filter>
    <Filter Include="Resource Files">
      <UniqueIdentifier>{67DA6AB6-F800-4c08-8B7A-83BB121AAD01}</UniqueIdentifier>
      <Extensions>rc;ico;cur;bmp;dlg;rc2;rct;bin;rgs;gif;jpg;jpeg;jpe;resx;tiff;tif;png;wav;mfcribbon-ms</Extensions>
    </Filter>
    <Filter Include="Source Files\dynamics">
      <UniqueIdentifier>{56e02394-9b59-4656-8203-ad9281fee4f4}</UniqueIdentifier>
    </Filter>
    <Filter Include="Source Files\lighting">
      <UniqueIdentifier>{6189b366-4261-4cf4-b330-5933e16089fe}</UniqueIdentifier>
    </Filter>
    <Filter Include="Header Files\dynamics">
      <UniqueIdentifier>{7e725cbc-ffd6-4ef5-ae60-6adca72d1f2a}</UniqueIdentifier>
    </Filter>
    <Filter Include="Header Files\lighting">
      <UniqueIdentifier>{c17f0544-9075-4aa5-83c6-090d50303ac0}</UniqueIdentifier>
    </Filter>
  </ItemGroup>
  <ItemGroup>
    <ClCompile Include="src\Camera.cpp">
      <Filter>Source Files</Filter>
    </ClCompile>
    <ClCompile Include="src\ConeRenderable.cpp">
      <Filter>Source Files</Filter>
    </ClCompile>
    <ClCompile Include="src\CubeRenderable.cpp">
      <Filter>Source Files</Filter>
    </ClCompile>
    <ClCompile Include="src\CustomizedKeyFrame.cpp">
      <Filter>Source Files</Filter>
    </ClCompile>
    <ClCompile Include="src\CylinderRenderable.cpp">
      <Filter>Source Files</Filter>
    </ClCompile>
    <ClCompile Include="src\FPSCounter.cpp">
      <Filter>Source Files</Filter>
    </ClCompile>
    <ClCompile Include="src\FrameRenderable.cpp">
      <Filter>Source Files</Filter>
    </ClCompile>
    <ClCompile Include="src\GeometricTransformation.cpp">
      <Filter>Source Files</Filter>
    </ClCompile>
    <ClCompile Include="src\gl_helper.cpp">
      <Filter>Source Files</Filter>
    </ClCompile>
    <ClCompile Include="src\HierarchicalCylinderRenderable.cpp">
      <Filter>Source Files</Filter>
    </ClCompile>
    <ClCompile Include="src\HierarchicalMeshRenderable.cpp">
      <Filter>Source Files</Filter>
    </ClCompile>
    <ClCompile Include="src\HierarchicalRenderable.cpp">
      <Filter>Source Files</Filter>
    </ClCompile>
    <ClCompile Include="src\HierarchicalSphereRenderable.cpp">
      <Filter>Source Files</Filter>
    </ClCompile>
    <ClCompile Include="src\IndexedCubeRenderable.cpp">
      <Filter>Source Files</Filter>
    </ClCompile>
    <ClCompile Include="src\Io.cpp">
      <Filter>Source Files</Filter>
    </ClCompile>
    <ClCompile Include="src\KeyframeCollection.cpp">
      <Filter>Source Files</Filter>
    </ClCompile>
    <ClCompile Include="src\KeyframedCylinderRenderable.cpp">
      <Filter>Source Files</Filter>
    </ClCompile>
    <ClCompile Include="src\log.cpp">
      <Filter>Source Files</Filter>
    </ClCompile>
    <ClCompile Include="src\main.cpp">
      <Filter>Source Files</Filter>
    </ClCompile>
    <ClCompile Include="src\MeshRenderable.cpp">
      <Filter>Source Files</Filter>
    </ClCompile>
    <ClCompile Include="src\Plane.cpp">
      <Filter>Source Files</Filter>
    </ClCompile>
    <ClCompile Include="src\practical_06_scene.cpp">
      <Filter>Source Files</Filter>
    </ClCompile>
    <ClCompile Include="src\QuadRendable.cpp">
      <Filter>Source Files</Filter>
    </ClCompile>
    <ClCompile Include="src\Renderable.cpp">
      <Filter>Source Files</Filter>
    </ClCompile>
    <ClCompile Include="src\ShaderProgram.cpp">
      <Filter>Source Files</Filter>
    </ClCompile>
    <ClCompile Include="src\Sphere.cpp">
      <Filter>Source Files</Filter>
    </ClCompile>
    <ClCompile Include="src\SphereRenderable.cpp">
      <Filter>Source Files</Filter>
    </ClCompile>
    <ClCompile Include="src\TextEngine.cpp">
      <Filter>Source Files</Filter>
    </ClCompile>
    <ClCompile Include="src\TorusRenderable.cpp">
      <Filter>Source Files</Filter>
    </ClCompile>
    <ClCompile Include="src\TriangleRenderable.cpp">
      <Filter>Source Files</Filter>
    </ClCompile>
    <ClCompile Include="src\Utils.cpp">
      <Filter>Source Files</Filter>
    </ClCompile>
    <ClCompile Include="src\Viewer.cpp">
      <Filter>Source Files</Filter>
    </ClCompile>
    <ClCompile Include="src\dynamics\Collision.cpp">
      <Filter>Source Files\dynamics</Filter>
    </ClCompile>
    <ClCompile Include="src\dynamics\ConstantForceField.cpp">
      <Filter>Source Files\dynamics</Filter>
    </ClCompile>
    <ClCompile Include="src\dynamics\ConstantForceFieldRenderable.cpp">
      <Filter>Source Files\dynamics</Filter>
    </ClCompile>
    <ClCompile Include="src\dynamics\ControlledForceFieldRenderable.cpp">
      <Filter>Source Files\dynamics</Filter>
    </ClCompile>
    <ClCompile Include="src\dynamics\DampingForceField.cpp">
      <Filter>Source Files\dynamics</Filter>
    </ClCompile>
    <ClCompile Include="src\dynamics\DynamicSystem.cpp">
      <Filter>Source Files\dynamics</Filter>
    </ClCompile>
    <ClCompile Include="src\dynamics\DynamicSystemRenderable.cpp">
      <Filter>Source Files\dynamics</Filter>
    </ClCompile>
    <ClCompile Include="src\dynamics\EulerExplicitSolver.cpp">
      <Filter>Source Files\dynamics</Filter>
    </ClCompile>
    <ClCompile Include="src\dynamics\ForceField.cpp">
      <Filter>Source Files\dynamics</Filter>
    </ClCompile>
    <ClCompile Include="src\dynamics\Particle.cpp">
      <Filter>Source Files\dynamics</Filter>
    </ClCompile>
    <ClCompile Include="src\dynamics\ParticleListRenderable.cpp">
      <Filter>Source Files\dynamics</Filter>
    </ClCompile>
    <ClCompile Include="src\dynamics\ParticleParticleCollision.cpp">
      <Filter>Source Files\dynamics</Filter>
    </ClCompile>
    <ClCompile Include="src\dynamics\ParticlePlaneCollision.cpp">
      <Filter>Source Files\dynamics</Filter>
    </ClCompile>
    <ClCompile Include="src\dynamics\ParticleRenderable.cpp">
      <Filter>Source Files\dynamics</Filter>
    </ClCompile>
    <ClCompile Include="src\dynamics\Solver.cpp">
      <Filter>Source Files\dynamics</Filter>
    </ClCompile>
    <ClCompile Include="src\dynamics\SpringForceField.cpp">
      <Filter>Source Files\dynamics</Filter>
    </ClCompile>
    <ClCompile Include="src\dynamics\SpringForceFieldRenderable.cpp">
      <Filter>Source Files\dynamics</Filter>
    </ClCompile>
    <ClCompile Include="src\dynamics\SpringListRenderable.cpp">
      <Filter>Source Files\dynamics</Filter>
    </ClCompile>
    <ClCompile Include="src\lighting\DirectionalLightRenderable.cpp">
      <Filter>Source Files\lighting</Filter>
    </ClCompile>
    <ClCompile Include="src\lighting\Light.cpp">
      <Filter>Source Files\lighting</Filter>
    </ClCompile>
    <ClCompile Include="src\lighting\LightedCubeRenderable.cpp">
      <Filter>Source Files\lighting</Filter>
    </ClCompile>
    <ClCompile Include="src\lighting\LightedCylinderRenderable.cpp">
      <Filter>Source Files\lighting</Filter>
    </ClCompile>
    <ClCompile Include="src\lighting\LightedMeshRenderable.cpp">
      <Filter>Source Files\lighting</Filter>
    </ClCompile>
    <ClCompile Include="src\lighting\Material.cpp">
      <Filter>Source Files\lighting</Filter>
    </ClCompile>
    <ClCompile Include="src\lighting\PointLightRenderable.cpp">
      <Filter>Source Files\lighting</Filter>
    </ClCompile>
    <ClCompile Include="src\lighting\SpotLightRenderable.cpp">
      <Filter>Source Files\lighting</Filter>
    </ClCompile>
  </ItemGroup>
  <ItemGroup>
    <ClInclude Include="include\Camera.hpp">
      <Filter>Header Files</Filter>
    </ClInclude>
    <ClInclude Include="include\ConeRenderable.hpp">
      <Filter>Header Files</Filter>
    </ClInclude>
    <ClInclude Include="include\CubeRenderable.hpp">
      <Filter>Header Files</Filter>
    </ClInclude>
    <ClInclude Include="include\CustomizedKeyFrame.hpp">
      <Filter>Header Files</Filter>
    </ClInclude>
    <ClInclude Include="include\CylinderRenderable.hpp">
      <Filter>Header Files</Filter>
    </ClInclude>
    <ClInclude Include="include\FPSCounter.hpp">
      <Filter>Header Files</Filter>
    </ClInclude>
    <ClInclude Include="include\FrameRenderable.hpp">
      <Filter>Header Files</Filter>
    </ClInclude>
    <ClInclude Include="include\GeometricTransformation.hpp">
      <Filter>Header Files</Filter>
    </ClInclude>
    <ClInclude Include="include\gl_helper.hpp">
      <Filter>Header Files</Filter>
    </ClInclude>
    <ClInclude Include="include\HierarchicalCylinderRenderable.hpp">
      <Filter>Header Files</Filter>
    </ClInclude>
    <ClInclude Include="include\HierarchicalMeshRenderable.hpp">
      <Filter>Header Files</Filter>
    </ClInclude>
    <ClInclude Include="include\HierarchicalRenderable.hpp">
      <Filter>Header Files</Filter>
    </ClInclude>
    <ClInclude Include="include\HierarchicalSphereRenderable.hpp">
      <Filter>Header Files</Filter>
    </ClInclude>
    <ClInclude Include="include\IndexedCubeRenderable.hpp">
      <Filter>Header Files</Filter>
    </ClInclude>
    <ClInclude Include="include\Io.hpp">
      <Filter>Header Files</Filter>
    </ClInclude>
    <ClInclude Include="include\KeyframeCollection.hpp">
      <Filter>Header Files</Filter>
    </ClInclude>
    <ClInclude Include="include\KeyframedCylinderRenderable.hpp">
      <Filter>Header Files</Filter>
    </ClInclude>
    <ClInclude Include="include\log.hpp">
      <Filter>Header Files</Filter>
    </ClInclude>
    <ClInclude Include="include\MeshRenderable.hpp">
      <Filter>Header Files</Filter>
    </ClInclude>
    <ClInclude Include="include\Plane.hpp">
      <Filter>Header Files</Filter>
    </ClInclude>
    <ClInclude Include="include\practical_06_scene.hpp">
      <Filter>Header Files</Filter>
    </ClInclude>
    <ClInclude Include="include\QuadRenderable.hpp">
      <Filter>Header Files</Filter>
    </ClInclude>
    <ClInclude Include="include\Renderable.hpp">
      <Filter>Header Files</Filter>
    </ClInclude>
    <ClInclude Include="include\ShaderProgram.hpp">
      <Filter>Header Files</Filter>
    </ClInclude>
    <ClInclude Include="include\Sphere.hpp">
      <Filter>Header Files</Filter>
    </ClInclude>
    <ClInclude Include="include\SphereRenderable.hpp">
      <Filter>Header Files</Filter>
    </ClInclude>
    <ClInclude Include="include\TextEngine.hpp">
      <Filter>Header Files</Filter>
    </ClInclude>
    <ClInclude Include="include\TorusRenderable.hpp">
      <Filter>Header Files</Filter>
    </ClInclude>
    <ClInclude Include="include\TriangleRenderable.hpp">
      <Filter>Header Files</Filter>
    </ClInclude>
    <ClInclude Include="include\Utils.hpp">
      <Filter>Header Files</Filter>
    </ClInclude>
    <ClInclude Include="include\Viewer.hpp">
      <Filter>Header Files</Filter>
    </ClInclude>
    <ClInclude Include="include\dynamics\Collision.hpp">
      <Filter>Header Files\dynamics</Filter>
    </ClInclude>
    <ClInclude Include="include\dynamics\ConstantForceField.hpp">
      <Filter>Header Files\dynamics</Filter>
    </ClInclude>
    <ClInclude Include="include\dynamics\ConstantForceFieldRenderable.hpp">
      <Filter>Header Files\dynamics</Filter>
    </ClInclude>
    <ClInclude Include="include\dynamics\ControlledForceFieldRenderable.hpp">
      <Filter>Header Files\dynamics</Filter>
    </ClInclude>
    <ClInclude Include="include\dynamics\DampingForceField.hpp">
      <Filter>Header Files\dynamics</Filter>
    </ClInclude>
    <ClInclude Include="include\dynamics\DynamicSystem.hpp">
      <Filter>Header Files\dynamics</Filter>
    </ClInclude>
    <ClInclude Include="include\dynamics\DynamicSystemRenderable.hpp">
      <Filter>Header Files\dynamics</Filter>
    </ClInclude>
    <ClInclude Include="include\dynamics\EulerExplicitSolver.hpp">
      <Filter>Header Files\dynamics</Filter>
    </ClInclude>
    <ClInclude Include="include\dynamics\ForceField.hpp">
      <Filter>Header Files\dynamics</Filter>
    </ClInclude>
    <ClInclude Include="include\dynamics\Particle.hpp">
      <Filter>Header Files\dynamics</Filter>
    </ClInclude>
    <ClInclude Include="include\dynamics\ParticleListRenderable.hpp">
      <Filter>Header Files\dynamics</Filter>
    </ClInclude>
    <ClInclude Include="include\dynamics\ParticleParticleCollision.hpp">
      <Filter>Header Files\dynamics</Filter>
    </ClInclude>
    <ClInclude Include="include\dynamics\ParticlePlaneCollision.hpp">
      <Filter>Header Files\dynamics</Filter>
    </ClInclude>
    <ClInclude Include="include\dynamics\ParticleRenderable.hpp">
      <Filter>Header Files\dynamics</Filter>
    </ClInclude>
    <ClInclude Include="include\dynamics\Solver.hpp">
      <Filter>Header Files\dynamics</Filter>
    </ClInclude>
    <ClInclude Include="include\dynamics\SpringForceField.hpp">
      <Filter>Header Files\dynamics</Filter>
    </ClInclude>
    <ClInclude Include="include\dynamics\SpringForceFieldRenderable.hpp">
      <Filter>Header Files\dynamics</Filter>
    </ClInclude>
    <ClInclude Include="include\dynamics\SpringListRenderable.hpp">
      <Filter>Header Files\dynamics</Filter>
    </ClInclude>
    <ClInclude Include="include\lighting\DirectionalLightRenderable.hpp">
      <Filter>Header Files\lighting</Filter>
    </ClInclude>
    <ClInclude Include="include\lighting\Light.hpp">
      <Filter>Header Files\lighting</Filter>
    </ClInclude>
    <ClInclude Include="include\lighting\LightedCubeRenderable.hpp">
      <Filter>Header Files\lighting</Filter>
    </ClInclude>
    <ClInclude Include="include\lighting\LightedCylinderRenderable.hpp">
      <Filter>Header Files\lighting</Filter>
    </ClInclude>
    <ClInclude Include="include\lighting\LightedMeshRenderable.hpp">
      <Filter>Header Files\lighting</Filter>
    </ClInclude>
    <ClInclude Include="include\lighting\Material.hpp">
      <Filter>Header Files\lighting</Filter>
    </ClInclude>
    <ClInclude Include="include\lighting\PointLightRenderable.hpp">
      <Filter>Header Files\lighting</Filter>
    </ClInclude>
    <ClInclude Include="include\lighting\SpotLightRenderable.hpp">
      <Filter>Header Files\lighting</Filter>
    </ClInclude>
  </ItemGroup>
  <ItemGroup>
    <None Include="packages.config" />
  </ItemGroup>
</Project>